{
    "name": "trvact-mobx",
    "version": "0.0.16",
    "lockfileVersion": 1,
    "requires": true,
    "dependencies": {
        "hoist-non-react-statics": {
            "version": "3.3.0",
            "resolved": "https://registry.npmjs.org/hoist-non-react-statics/-/hoist-non-react-statics-3.3.0.tgz",
            "integrity": "sha512-0XsbTXxgiaCDYDIWFcwkmerZPSwywfUqYmwT4jzewKTQSWoE6FCMoUVOeBJWK3E/CrWbxRG3m5GzY4lnIwGRBA==",
            "requires": {
                "react-is": "^16.7.0"
            }
        },
        "mobx-react": {
            "version": "5.4.3",
            "resolved": "https://registry.npmjs.org/mobx-react/-/mobx-react-5.4.3.tgz",
            "integrity": "sha512-WC8yFlwvJ91hy8j6CrydAuFteUafcuvdITFQeHl3LRIf5ayfT/4W3M/byhEYD2BcJWejeXr8y4Rh2H26RunCRQ==",
            "requires": {
                "hoist-non-react-statics": "^3.0.0",
                "react-lifecycles-compat": "^3.0.2"
            }
        },
        "react-is": {
            "version": "16.8.2",
            "resolved": "https://registry.npmjs.org/react-is/-/react-is-16.8.2.tgz",
            "integrity": "sha512-D+NxhSR2HUCjYky1q1DwpNUD44cDpUXzSmmFyC3ug1bClcU/iDNy0YNn1iwme28fn+NFhpA13IndOd42CrFb+Q=="
        },
        "react-lifecycles-compat": {
            "version": "3.0.4",
            "resolved": "https://registry.npmjs.org/react-lifecycles-compat/-/react-lifecycles-compat-3.0.4.tgz",
            "integrity": "sha512-fBASbA6LnOU9dOU2eW7aQ8xmYBSXUIWr+UmF9b1efZBazGNO+rcXT/icdKnYm2pTwcRylVUYwW7H1PHfLekVzA=="
        },
        "trvact": {
            "version": "0.0.16",
            "resolved": "https://registry.npmjs.org/trvact/-/trvact-0.0.16.tgz",
            "integrity": "sha512-QuyHOv/sYtPqz2G5jVek1Hz0LxC3mlyJ56cXFoYdEmgAAGZcjWzhvNEKcfwdym+6aBvyIv3OQPk6Vm9dsJDBMQ=="
        }
    }
}
